
Microsoft Visual Studio Solution File, Format Version 12.00
# Visual Studio 2013
VisualStudioVersion = 12.0.21005.1
MinimumVisualStudioVersion = 10.0.40219.1
Project("{FAE04EC0-301F-11D3-BF4B-00C04F79EFBC}") = "HelloWorld", "HelloWorld\HelloWorld.csproj", "{246A7A07-437B-4FCD-9E34-B0793641C28C}"
EndProject
Project("{FAE04EC0-301F-11D3-BF4B-00C04F79EFBC}") = "ThreadInterlocked", "ThreadInterlocked\ThreadInterlocked.csproj", "{BEC81535-C5B1-4474-9A4E-3CA5B1541D52}"
EndProject
Project("{FAE04EC0-301F-11D3-BF4B-00C04F79EFBC}") = "ThreadTryEnter", "ThreadTryEnter\ThreadTryEnter.csproj", "{74C85C29-F2F9-4B80-AD64-94B88F3DE0F7}"
EndProject
Project("{FAE04EC0-301F-11D3-BF4B-00C04F79EFBC}") = "ThreadWait", "ThreadWait\ThreadWait.csproj", "{D59CBA44-8E00-4D44-8A91-082570F08A09}"
EndProject
Project("{FAE04EC0-301F-11D3-BF4B-00C04F79EFBC}") = "ThreadReaderWRiterLock", "ThreadReaderWRiterLock\ThreadReaderWRiterLock.csproj", "{D83FA9B8-1EA3-467D-8FDE-1CBD05482A7F}"
EndProject
Project("{FAE04EC0-301F-11D3-BF4B-00C04F79EFBC}") = "SynchronizationAttribute", "SynchronizationAttribute\SynchronizationAttribute.csproj", "{69A11A79-3CE6-4445-9644-6A9E7A8946A3}"
EndProject
Project("{FAE04EC0-301F-11D3-BF4B-00C04F79EFBC}") = "ThreadSyncAppDomain", "ThreadSyncAppDomain\ThreadSyncAppDomain.csproj", "{D638DBD4-2DA8-46F6-A27D-350365587B33}"
EndProject
Project("{FAE04EC0-301F-11D3-BF4B-00C04F79EFBC}") = "ThreadPool", "ThreadPool\ThreadPool.csproj", "{8224D510-AC92-494A-9E5B-03B7E397DC8E}"
EndProject
Project("{FAE04EC0-301F-11D3-BF4B-00C04F79EFBC}") = "AsyncWriteSum", "AsyncWriteSum\AsyncWriteSum.csproj", "{A959C521-9CFF-4378-A206-DB8FD88F6D49}"
EndProject
Project("{FAE04EC0-301F-11D3-BF4B-00C04F79EFBC}") = "AsyncDelegate", "AsyncDelegate\AsyncDelegate.csproj", "{DBF07BB3-369E-4531-880E-ACC38CC1359A}"
EndProject
Project("{FAE04EC0-301F-11D3-BF4B-00C04F79EFBC}") = "AsyncDelegateObject", "AsyncDelegateObject\AsyncDelegateObject.csproj", "{27AB9FD3-C306-4C61-9825-D4AFF996E687}"
EndProject
Project("{FAE04EC0-301F-11D3-BF4B-00C04F79EFBC}") = "ThreadStatic", "ThreadStatic\ThreadStatic.csproj", "{49FB2D3D-FA52-4BFE-9382-7F8827C462E1}"
EndProject
Project("{FAE04EC0-301F-11D3-BF4B-00C04F79EFBC}") = "NameDataSlot", "NameDataSlot\NameDataSlot.csproj", "{174E1395-B253-4654-9604-F2FA036D083A}"
EndProject
Project("{FAE04EC0-301F-11D3-BF4B-00C04F79EFBC}") = "ReflectionAppdomain", "ReflectionAppdomain\ReflectionAppdomain.csproj", "{A2B1F833-06FD-430A-9383-DABFAFD64B70}"
EndProject
Project("{FAE04EC0-301F-11D3-BF4B-00C04F79EFBC}") = "Foo", "Foo\Foo.csproj", "{2DEB2400-604D-4682-9712-EE30B3770942}"
EndProject
Project("{FAE04EC0-301F-11D3-BF4B-00C04F79EFBC}") = "Type_InvokeMember", "Type_InvokeMember\Type_InvokeMember.csproj", "{B7F165DC-231F-41B7-BC27-9FFCD407F28A}"
EndProject
Project("{FAE04EC0-301F-11D3-BF4B-00C04F79EFBC}") = "UnitTestAttribute", "UnitTestAttribute\UnitTestAttribute.csproj", "{2682223C-0AD8-4551-815E-0AED8F3F11C9}"
EndProject
Project("{FAE04EC0-301F-11D3-BF4B-00C04F79EFBC}") = "AssemblyCreate", "AssemblyCreate\AssemblyCreate.csproj", "{5AA7EE86-991B-491A-9BC1-6E16159F5C69}"
EndProject
Project("{FAE04EC0-301F-11D3-BF4B-00C04F79EFBC}") = "Invoke", "Invoke\Invoke.csproj", "{53C59BF9-B46B-45A0-B62C-BEC8265BBF98}"
EndProject
Project("{FAE04EC0-301F-11D3-BF4B-00C04F79EFBC}") = "P_Invoke", "P_Invoke\P_Invoke.csproj", "{64EE5EEE-BAC8-4FBF-93DD-866F5E0150F6}"
EndProject
Global
	GlobalSection(SolutionConfigurationPlatforms) = preSolution
		Debug|Any CPU = Debug|Any CPU
		Release|Any CPU = Release|Any CPU
	EndGlobalSection
	GlobalSection(ProjectConfigurationPlatforms) = postSolution
		{246A7A07-437B-4FCD-9E34-B0793641C28C}.Debug|Any CPU.ActiveCfg = Debug|Any CPU
		{246A7A07-437B-4FCD-9E34-B0793641C28C}.Debug|Any CPU.Build.0 = Debug|Any CPU
		{246A7A07-437B-4FCD-9E34-B0793641C28C}.Release|Any CPU.ActiveCfg = Release|Any CPU
		{246A7A07-437B-4FCD-9E34-B0793641C28C}.Release|Any CPU.Build.0 = Release|Any CPU
		{BEC81535-C5B1-4474-9A4E-3CA5B1541D52}.Debug|Any CPU.ActiveCfg = Debug|Any CPU
		{BEC81535-C5B1-4474-9A4E-3CA5B1541D52}.Debug|Any CPU.Build.0 = Debug|Any CPU
		{BEC81535-C5B1-4474-9A4E-3CA5B1541D52}.Release|Any CPU.ActiveCfg = Release|Any CPU
		{BEC81535-C5B1-4474-9A4E-3CA5B1541D52}.Release|Any CPU.Build.0 = Release|Any CPU
		{74C85C29-F2F9-4B80-AD64-94B88F3DE0F7}.Debug|Any CPU.ActiveCfg = Debug|Any CPU
		{74C85C29-F2F9-4B80-AD64-94B88F3DE0F7}.Debug|Any CPU.Build.0 = Debug|Any CPU
		{74C85C29-F2F9-4B80-AD64-94B88F3DE0F7}.Release|Any CPU.ActiveCfg = Release|Any CPU
		{74C85C29-F2F9-4B80-AD64-94B88F3DE0F7}.Release|Any CPU.Build.0 = Release|Any CPU
		{D59CBA44-8E00-4D44-8A91-082570F08A09}.Debug|Any CPU.ActiveCfg = Debug|Any CPU
		{D59CBA44-8E00-4D44-8A91-082570F08A09}.Debug|Any CPU.Build.0 = Debug|Any CPU
		{D59CBA44-8E00-4D44-8A91-082570F08A09}.Release|Any CPU.ActiveCfg = Release|Any CPU
		{D59CBA44-8E00-4D44-8A91-082570F08A09}.Release|Any CPU.Build.0 = Release|Any CPU
		{D83FA9B8-1EA3-467D-8FDE-1CBD05482A7F}.Debug|Any CPU.ActiveCfg = Debug|Any CPU
		{D83FA9B8-1EA3-467D-8FDE-1CBD05482A7F}.Debug|Any CPU.Build.0 = Debug|Any CPU
		{D83FA9B8-1EA3-467D-8FDE-1CBD05482A7F}.Release|Any CPU.ActiveCfg = Release|Any CPU
		{D83FA9B8-1EA3-467D-8FDE-1CBD05482A7F}.Release|Any CPU.Build.0 = Release|Any CPU
		{69A11A79-3CE6-4445-9644-6A9E7A8946A3}.Debug|Any CPU.ActiveCfg = Debug|Any CPU
		{69A11A79-3CE6-4445-9644-6A9E7A8946A3}.Debug|Any CPU.Build.0 = Debug|Any CPU
		{69A11A79-3CE6-4445-9644-6A9E7A8946A3}.Release|Any CPU.ActiveCfg = Release|Any CPU
		{69A11A79-3CE6-4445-9644-6A9E7A8946A3}.Release|Any CPU.Build.0 = Release|Any CPU
		{D638DBD4-2DA8-46F6-A27D-350365587B33}.Debug|Any CPU.ActiveCfg = Debug|Any CPU
		{D638DBD4-2DA8-46F6-A27D-350365587B33}.Debug|Any CPU.Build.0 = Debug|Any CPU
		{D638DBD4-2DA8-46F6-A27D-350365587B33}.Release|Any CPU.ActiveCfg = Release|Any CPU
		{D638DBD4-2DA8-46F6-A27D-350365587B33}.Release|Any CPU.Build.0 = Release|Any CPU
		{8224D510-AC92-494A-9E5B-03B7E397DC8E}.Debug|Any CPU.ActiveCfg = Debug|Any CPU
		{8224D510-AC92-494A-9E5B-03B7E397DC8E}.Debug|Any CPU.Build.0 = Debug|Any CPU
		{8224D510-AC92-494A-9E5B-03B7E397DC8E}.Release|Any CPU.ActiveCfg = Release|Any CPU
		{8224D510-AC92-494A-9E5B-03B7E397DC8E}.Release|Any CPU.Build.0 = Release|Any CPU
		{A959C521-9CFF-4378-A206-DB8FD88F6D49}.Debug|Any CPU.ActiveCfg = Debug|Any CPU
		{A959C521-9CFF-4378-A206-DB8FD88F6D49}.Debug|Any CPU.Build.0 = Debug|Any CPU
		{A959C521-9CFF-4378-A206-DB8FD88F6D49}.Release|Any CPU.ActiveCfg = Release|Any CPU
		{A959C521-9CFF-4378-A206-DB8FD88F6D49}.Release|Any CPU.Build.0 = Release|Any CPU
		{DBF07BB3-369E-4531-880E-ACC38CC1359A}.Debug|Any CPU.ActiveCfg = Debug|Any CPU
		{DBF07BB3-369E-4531-880E-ACC38CC1359A}.Debug|Any CPU.Build.0 = Debug|Any CPU
		{DBF07BB3-369E-4531-880E-ACC38CC1359A}.Release|Any CPU.ActiveCfg = Release|Any CPU
		{DBF07BB3-369E-4531-880E-ACC38CC1359A}.Release|Any CPU.Build.0 = Release|Any CPU
		{27AB9FD3-C306-4C61-9825-D4AFF996E687}.Debug|Any CPU.ActiveCfg = Debug|Any CPU
		{27AB9FD3-C306-4C61-9825-D4AFF996E687}.Debug|Any CPU.Build.0 = Debug|Any CPU
		{27AB9FD3-C306-4C61-9825-D4AFF996E687}.Release|Any CPU.ActiveCfg = Release|Any CPU
		{27AB9FD3-C306-4C61-9825-D4AFF996E687}.Release|Any CPU.Build.0 = Release|Any CPU
		{49FB2D3D-FA52-4BFE-9382-7F8827C462E1}.Debug|Any CPU.ActiveCfg = Debug|Any CPU
		{49FB2D3D-FA52-4BFE-9382-7F8827C462E1}.Debug|Any CPU.Build.0 = Debug|Any CPU
		{49FB2D3D-FA52-4BFE-9382-7F8827C462E1}.Release|Any CPU.ActiveCfg = Release|Any CPU
		{49FB2D3D-FA52-4BFE-9382-7F8827C462E1}.Release|Any CPU.Build.0 = Release|Any CPU
		{174E1395-B253-4654-9604-F2FA036D083A}.Debug|Any CPU.ActiveCfg = Debug|Any CPU
		{174E1395-B253-4654-9604-F2FA036D083A}.Debug|Any CPU.Build.0 = Debug|Any CPU
		{174E1395-B253-4654-9604-F2FA036D083A}.Release|Any CPU.ActiveCfg = Release|Any CPU
		{174E1395-B253-4654-9604-F2FA036D083A}.Release|Any CPU.Build.0 = Release|Any CPU
		{A2B1F833-06FD-430A-9383-DABFAFD64B70}.Debug|Any CPU.ActiveCfg = Debug|Any CPU
		{A2B1F833-06FD-430A-9383-DABFAFD64B70}.Debug|Any CPU.Build.0 = Debug|Any CPU
		{A2B1F833-06FD-430A-9383-DABFAFD64B70}.Release|Any CPU.ActiveCfg = Release|Any CPU
		{A2B1F833-06FD-430A-9383-DABFAFD64B70}.Release|Any CPU.Build.0 = Release|Any CPU
		{2DEB2400-604D-4682-9712-EE30B3770942}.Debug|Any CPU.ActiveCfg = Debug|Any CPU
		{2DEB2400-604D-4682-9712-EE30B3770942}.Debug|Any CPU.Build.0 = Debug|Any CPU
		{2DEB2400-604D-4682-9712-EE30B3770942}.Release|Any CPU.ActiveCfg = Release|Any CPU
		{2DEB2400-604D-4682-9712-EE30B3770942}.Release|Any CPU.Build.0 = Release|Any CPU
		{B7F165DC-231F-41B7-BC27-9FFCD407F28A}.Debug|Any CPU.ActiveCfg = Debug|Any CPU
		{B7F165DC-231F-41B7-BC27-9FFCD407F28A}.Debug|Any CPU.Build.0 = Debug|Any CPU
		{B7F165DC-231F-41B7-BC27-9FFCD407F28A}.Release|Any CPU.ActiveCfg = Release|Any CPU
		{B7F165DC-231F-41B7-BC27-9FFCD407F28A}.Release|Any CPU.Build.0 = Release|Any CPU
		{2682223C-0AD8-4551-815E-0AED8F3F11C9}.Debug|Any CPU.ActiveCfg = Debug|Any CPU
		{2682223C-0AD8-4551-815E-0AED8F3F11C9}.Debug|Any CPU.Build.0 = Debug|Any CPU
		{2682223C-0AD8-4551-815E-0AED8F3F11C9}.Release|Any CPU.ActiveCfg = Release|Any CPU
		{2682223C-0AD8-4551-815E-0AED8F3F11C9}.Release|Any CPU.Build.0 = Release|Any CPU
		{5AA7EE86-991B-491A-9BC1-6E16159F5C69}.Debug|Any CPU.ActiveCfg = Debug|Any CPU
		{5AA7EE86-991B-491A-9BC1-6E16159F5C69}.Debug|Any CPU.Build.0 = Debug|Any CPU
		{5AA7EE86-991B-491A-9BC1-6E16159F5C69}.Release|Any CPU.ActiveCfg = Release|Any CPU
		{5AA7EE86-991B-491A-9BC1-6E16159F5C69}.Release|Any CPU.Build.0 = Release|Any CPU
		{53C59BF9-B46B-45A0-B62C-BEC8265BBF98}.Debug|Any CPU.ActiveCfg = Debug|Any CPU
		{53C59BF9-B46B-45A0-B62C-BEC8265BBF98}.Debug|Any CPU.Build.0 = Debug|Any CPU
		{53C59BF9-B46B-45A0-B62C-BEC8265BBF98}.Release|Any CPU.ActiveCfg = Release|Any CPU
		{53C59BF9-B46B-45A0-B62C-BEC8265BBF98}.Release|Any CPU.Build.0 = Release|Any CPU
		{64EE5EEE-BAC8-4FBF-93DD-866F5E0150F6}.Debug|Any CPU.ActiveCfg = Debug|Any CPU
		{64EE5EEE-BAC8-4FBF-93DD-866F5E0150F6}.Debug|Any CPU.Build.0 = Debug|Any CPU
		{64EE5EEE-BAC8-4FBF-93DD-866F5E0150F6}.Release|Any CPU.ActiveCfg = Release|Any CPU
		{64EE5EEE-BAC8-4FBF-93DD-866F5E0150F6}.Release|Any CPU.Build.0 = Release|Any CPU
	EndGlobalSection
	GlobalSection(SolutionProperties) = preSolution
		HideSolutionNode = FALSE
	EndGlobalSection
EndGlobal
